
Microsoft Visual Studio Solution File, Format Version 12.00
# Visual Studio Version 16
VisualStudioVersion = 16.0.29806.167
MinimumVisualStudioVersion = 10.0.40219.1
Project("{8BC9CEB8-8B4A-11D0-8D11-00A0C91BC942}") = "Project2", "Project2\Project2.vcxproj", "{DC9D38D8-29D5-4CE0-96FE-50DBF84C888D}"
EndProject
Global
	GlobalSection(SolutionConfigurationPlatforms) = preSolution
		Debug|x64 = Debug|x64
		Debug|x86 = Debug|x86
		Release|x64 = Release|x64
		Release|x86 = Release|x86
	EndGlobalSection
	GlobalSection(ProjectConfigurationPlatforms) = postSolution
		{DC9D38D8-29D5-4CE0-96FE-50DBF84C888D}.Debug|x64.ActiveCfg = Debug|x64
		{DC9D38D8-29D5-4CE0-96FE-50DBF84C888D}.Debug|x64.Build.0 = Debug|x64
		{DC9D38D8-29D5-4CE0-96FE-50DBF84C888D}.Debug|x86.ActiveCfg = Debug|Win32
		{DC9D38D8-29D5-4CE0-96FE-50DBF84C888D}.Debug|x86.Build.0 = Debug|Win32
		{DC9D38D8-29D5-4CE0-96FE-50DBF84C888D}.Release|x64.ActiveCfg = Release|x64
		{DC9D38D8-29D5-4CE0-96FE-50DBF84C888D}.Release|x64.Build.0 = Release|x64
		{DC9D38D8-29D5-4CE0-96FE-50DBF84C888D}.Release|x86.ActiveCfg = Release|Win32
		{DC9D38D8-29D5-4CE0-96FE-50DBF84C888D}.Release|x86.Build.0 = Release|Win32
	EndGlobalSection
	GlobalSection(SolutionProperties) = preSolution
		HideSolutionNode = FALSE
	EndGlobalSection
	GlobalSection(ExtensibilityGlobals) = postSolution
		SolutionGuid = {9224AB68-1DE6-467A-B69D-1D39E2471B29}
	EndGlobalSection
EndGlobal
